
Microsoft Visual Studio Solution File, Format Version 12.00
# Visual Studio Version 17
VisualStudioVersion = 17.4.33205.214
MinimumVisualStudioVersion = 10.0.40219.1
Project("{FAE04EC0-301F-11D3-BF4B-00C04F79EFBC}") = "CHomeTask10.2", "CHomeTask10.2\CHomeTask10.2.csproj", "{622FAA43-CFDC-4275-9065-1F5E26AD9A64}"
EndProject
Global
	GlobalSection(SolutionConfigurationPlatforms) = preSolution
		Debug|Any CPU = Debug|Any CPU
		Release|Any CPU = Release|Any CPU
	EndGlobalSection
	GlobalSection(ProjectConfigurationPlatforms) = postSolution
		{622FAA43-CFDC-4275-9065-1F5E26AD9A64}.Debug|Any CPU.ActiveCfg = Debug|Any CPU
		{622FAA43-CFDC-4275-9065-1F5E26AD9A64}.Debug|Any CPU.Build.0 = Debug|Any CPU
		{622FAA43-CFDC-4275-9065-1F5E26AD9A64}.Release|Any CPU.ActiveCfg = Release|Any CPU
		{622FAA43-CFDC-4275-9065-1F5E26AD9A64}.Release|Any CPU.Build.0 = Release|Any CPU
	EndGlobalSection
	GlobalSection(SolutionProperties) = preSolution
		HideSolutionNode = FALSE
	EndGlobalSection
	GlobalSection(ExtensibilityGlobals) = postSolution
		SolutionGuid = {8F34E6DD-204C-466C-B817-FA0DD494F30F}
	EndGlobalSection
EndGlobal
